{
  "originHash" : "2b254cc708959ff734add6da36bdaede862e42261e277c972a1fc14bafd98bde",
  "pins" : [
    {
      "identity" : "swift-a2a",
      "kind" : "remoteSourceControl",
      "location" : "https://github.com/no-problem-dev/swift-a2a.git",
      "state" : {
        "revision" : "86d06404fb28494a7ef0b272eb2115507c12e0fb",
        "version" : "0.7.1"
      }
    },
    {
      "identity" : "swift-acp",
      "kind" : "remoteSourceControl",
      "location" : "https://github.com/no-problem-dev/swift-acp.git",
      "state" : {
        "revision" : "b95375db32ed32a48e211bf025fb4069585069f3",
        "version" : "0.2.0"
      }
    },
    {
      "identity" : "swift-agent-runtime",
      "kind" : "remoteSourceControl",
      "location" : "https://github.com/no-problem-dev/swift-agent-runtime.git",
      "state" : {
        "revision" : "2dd492f3bf9eea2b117a063dd625539ea298a703",
        "version" : "0.17.0"
      }
    },
    {
      "identity" : "swift-docc-plugin",
      "kind" : "remoteSourceControl",
      "location" : "https://github.com/swiftlang/swift-docc-plugin",
      "state" : {
        "revision" : "647c708be89f834fa6a6d4945442793a77ddf5b6",
        "version" : "1.5.0"
      }
    },
    {
      "identity" : "swift-docc-symbolkit",
      "kind" : "remoteSourceControl",
      "location" : "https://github.com/swiftlang/swift-docc-symbolkit",
      "state" : {
        "revision" : "b45d1f2ed151d057b54504d653e0da5552844e34",
        "version" : "1.0.0"
      }
    },
    {
      "identity" : "swift-http-transport",
      "kind" : "remoteSourceControl",
      "location" : "https://github.com/no-problem-dev/swift-http-transport.git",
      "state" : {
        "revision" : "9e72aec5d099fe5fa6ff3cb43263038bd307f07b",
        "version" : "1.1.2"
      }
    },
    {
      "identity" : "swift-llm-client",
      "kind" : "remoteSourceControl",
      "location" : "https://github.com/no-problem-dev/swift-llm-client.git",
      "state" : {
        "revision" : "33df7b6b890e13bc690a7662e24c55d4bc94ce69",
        "version" : "3.13.0"
      }
    },
    {
      "identity" : "swift-structured-data",
      "kind" : "remoteSourceControl",
      "location" : "https://github.com/no-problem-dev/swift-structured-data.git",
      "state" : {
        "revision" : "8bfbfe1091610e300409c2dad0506e498d04d014",
        "version" : "2.0.0"
      }
    },
    {
      "identity" : "swift-syntax",
      "kind" : "remoteSourceControl",
      "location" : "https://github.com/swiftlang/swift-syntax.git",
      "state" : {
        "revision" : "79e4b74a295b6eb74a8b585e3a39d29e70c1dbd1",
        "version" : "603.0.2"
      }
    },
    {
      "identity" : "swiftsoup",
      "kind" : "remoteSourceControl",
      "location" : "https://github.com/scinfu/SwiftSoup.git",
      "state" : {
        "revision" : "8d6ad267714cac3ae747cefdd21f7a6665006e1f",
        "version" : "2.13.7"
      }
    }
  ],
  "version" : 3
}
