{
  "originHash" : "f27c9c500bb4829124891f14a6fab851c897fe73e137d2868000ab86c82de6e8",
  "pins" : [
    {
      "identity" : "swift-a2a",
      "kind" : "remoteSourceControl",
      "location" : "https://github.com/no-problem-dev/swift-a2a.git",
      "state" : {
        "revision" : "73adaae7ace6516d8c3e5bdbad2fb48231aaa821",
        "version" : "0.8.0"
      }
    },
    {
      "identity" : "swift-acp",
      "kind" : "remoteSourceControl",
      "location" : "https://github.com/no-problem-dev/swift-acp.git",
      "state" : {
        "revision" : "b95375db32ed32a48e211bf025fb4069585069f3",
        "version" : "0.2.0"
      }
    },
    {
      "identity" : "swift-agent-runtime",
      "kind" : "remoteSourceControl",
      "location" : "https://github.com/no-problem-dev/swift-agent-runtime.git",
      "state" : {
        "revision" : "9714a880cfb7d0dcc91edd72725c279c16ec51e6",
        "version" : "0.18.1"
      }
    },
    {
      "identity" : "swift-docc-plugin",
      "kind" : "remoteSourceControl",
      "location" : "https://github.com/swiftlang/swift-docc-plugin",
      "state" : {
        "revision" : "647c708be89f834fa6a6d4945442793a77ddf5b6",
        "version" : "1.5.0"
      }
    },
    {
      "identity" : "swift-docc-symbolkit",
      "kind" : "remoteSourceControl",
      "location" : "https://github.com/swiftlang/swift-docc-symbolkit",
      "state" : {
        "revision" : "b45d1f2ed151d057b54504d653e0da5552844e34",
        "version" : "1.0.0"
      }
    },
    {
      "identity" : "swift-http-transport",
      "kind" : "remoteSourceControl",
      "location" : "https://github.com/no-problem-dev/swift-http-transport.git",
      "state" : {
        "revision" : "9e72aec5d099fe5fa6ff3cb43263038bd307f07b",
        "version" : "1.1.2"
      }
    },
    {
      "identity" : "swift-llm-client",
      "kind" : "remoteSourceControl",
      "location" : "https://github.com/no-problem-dev/swift-llm-client.git",
      "state" : {
        "revision" : "3640d5ee2ad8d5f903fc52656667dad60755a3c7",
        "version" : "4.0.0"
      }
    },
    {
      "identity" : "swift-structured-data",
      "kind" : "remoteSourceControl",
      "location" : "https://github.com/no-problem-dev/swift-structured-data.git",
      "state" : {
        "revision" : "a5a3dd4a034892f1124618de6a2491eed22ab166",
        "version" : "3.0.1"
      }
    },
    {
      "identity" : "swift-syntax",
      "kind" : "remoteSourceControl",
      "location" : "https://github.com/swiftlang/swift-syntax.git",
      "state" : {
        "revision" : "79e4b74a295b6eb74a8b585e3a39d29e70c1dbd1",
        "version" : "603.0.2"
      }
    },
    {
      "identity" : "swiftsoup",
      "kind" : "remoteSourceControl",
      "location" : "https://github.com/scinfu/SwiftSoup.git",
      "state" : {
        "revision" : "8d6ad267714cac3ae747cefdd21f7a6665006e1f",
        "version" : "2.13.7"
      }
    }
  ],
  "version" : 3
}
